
Microsoft Visual Studio Solution File, Format Version 12.00
# Visual Studio Version 16
VisualStudioVersion = 16.0.30717.126
MinimumVisualStudioVersion = 10.0.40219.1
Project("{FAE04EC0-301F-11D3-BF4B-00C04F79EFBC}") = "CBApp2.UWP", "CBApp2\CBApp2.UWP\CBApp2.UWP.csproj", "{CCB654A4-DEA1-44F7-A29D-AA7687D8FB1A}"
EndProject
Project("{FAE04EC0-301F-11D3-BF4B-00C04F79EFBC}") = "CBApp2.Android", "CBApp2\CBApp2.Android\CBApp2.Android.csproj", "{1768F215-8F85-4C89-BFA2-71F072428FF5}"
EndProject
Project("{9A19103F-16F7-4668-BE54-9A1E7A4F7556}") = "CBApp2", "CBApp2\CBApp2\CBApp2.csproj", "{46177472-7E0A-46E5-9DA7-09DE0487D22D}"
EndProject
Project("{FAE04EC0-301F-11D3-BF4B-00C04F79EFBC}") = "CBApp2.Domain", "CBApp2.Domain\CBApp2.Domain.csproj", "{9D4E4F91-8E5F-46BE-948A-5F8799C4F5A8}"
EndProject
Project("{FAE04EC0-301F-11D3-BF4B-00C04F79EFBC}") = "CBApp2.Infrastructure", "CBApp2.Infrastructure\CBApp2.Infrastructure.csproj", "{D4879DFD-5F3D-4804-86C0-18EA8431F58F}"
EndProject
Global
	GlobalSection(SolutionConfigurationPlatforms) = preSolution
		Debug|Any CPU = Debug|Any CPU
		Debug|ARM = Debug|ARM
		Debug|x64 = Debug|x64
		Debug|x86 = Debug|x86
		Release|Any CPU = Release|Any CPU
		Release|ARM = Release|ARM
		Release|x64 = Release|x64
		Release|x86 = Release|x86
	EndGlobalSection
	GlobalSection(ProjectConfigurationPlatforms) = postSolution
		{CCB654A4-DEA1-44F7-A29D-AA7687D8FB1A}.Debug|Any CPU.ActiveCfg = Debug|x86
		{CCB654A4-DEA1-44F7-A29D-AA7687D8FB1A}.Debug|Any CPU.Build.0 = Debug|x86
		{CCB654A4-DEA1-44F7-A29D-AA7687D8FB1A}.Debug|Any CPU.Deploy.0 = Debug|x86
		{CCB654A4-DEA1-44F7-A29D-AA7687D8FB1A}.Debug|ARM.ActiveCfg = Debug|ARM
		{CCB654A4-DEA1-44F7-A29D-AA7687D8FB1A}.Debug|ARM.Build.0 = Debug|ARM
		{CCB654A4-DEA1-44F7-A29D-AA7687D8FB1A}.Debug|ARM.Deploy.0 = Debug|ARM
		{CCB654A4-DEA1-44F7-A29D-AA7687D8FB1A}.Debug|x64.ActiveCfg = Debug|x64
		{CCB654A4-DEA1-44F7-A29D-AA7687D8FB1A}.Debug|x64.Build.0 = Debug|x64
		{CCB654A4-DEA1-44F7-A29D-AA7687D8FB1A}.Debug|x64.Deploy.0 = Debug|x64
		{CCB654A4-DEA1-44F7-A29D-AA7687D8FB1A}.Debug|x86.ActiveCfg = Debug|x86
		{CCB654A4-DEA1-44F7-A29D-AA7687D8FB1A}.Debug|x86.Build.0 = Debug|x86
		{CCB654A4-DEA1-44F7-A29D-AA7687D8FB1A}.Debug|x86.Deploy.0 = Debug|x86
		{CCB654A4-DEA1-44F7-A29D-AA7687D8FB1A}.Release|Any CPU.ActiveCfg = Release|x86
		{CCB654A4-DEA1-44F7-A29D-AA7687D8FB1A}.Release|Any CPU.Build.0 = Release|x86
		{CCB654A4-DEA1-44F7-A29D-AA7687D8FB1A}.Release|Any CPU.Deploy.0 = Release|x86
		{CCB654A4-DEA1-44F7-A29D-AA7687D8FB1A}.Release|ARM.ActiveCfg = Release|ARM
		{CCB654A4-DEA1-44F7-A29D-AA7687D8FB1A}.Release|ARM.Build.0 = Release|ARM
		{CCB654A4-DEA1-44F7-A29D-AA7687D8FB1A}.Release|ARM.Deploy.0 = Release|ARM
		{CCB654A4-DEA1-44F7-A29D-AA7687D8FB1A}.Release|x64.ActiveCfg = Release|x64
		{CCB654A4-DEA1-44F7-A29D-AA7687D8FB1A}.Release|x64.Build.0 = Release|x64
		{CCB654A4-DEA1-44F7-A29D-AA7687D8FB1A}.Release|x64.Deploy.0 = Release|x64
		{CCB654A4-DEA1-44F7-A29D-AA7687D8FB1A}.Release|x86.ActiveCfg = Release|x86
		{CCB654A4-DEA1-44F7-A29D-AA7687D8FB1A}.Release|x86.Build.0 = Release|x86
		{CCB654A4-DEA1-44F7-A29D-AA7687D8FB1A}.Release|x86.Deploy.0 = Release|x86
		{1768F215-8F85-4C89-BFA2-71F072428FF5}.Debug|Any CPU.ActiveCfg = Debug|Any CPU
		{1768F215-8F85-4C89-BFA2-71F072428FF5}.Debug|Any CPU.Build.0 = Debug|Any CPU
		{1768F215-8F85-4C89-BFA2-71F072428FF5}.Debug|Any CPU.Deploy.0 = Debug|Any CPU
		{1768F215-8F85-4C89-BFA2-71F072428FF5}.Debug|ARM.ActiveCfg = Debug|Any CPU
		{1768F215-8F85-4C89-BFA2-71F072428FF5}.Debug|ARM.Build.0 = Debug|Any CPU
		{1768F215-8F85-4C89-BFA2-71F072428FF5}.Debug|ARM.Deploy.0 = Debug|Any CPU
		{1768F215-8F85-4C89-BFA2-71F072428FF5}.Debug|x64.ActiveCfg = Debug|Any CPU
		{1768F215-8F85-4C89-BFA2-71F072428FF5}.Debug|x64.Build.0 = Debug|Any CPU
		{1768F215-8F85-4C89-BFA2-71F072428FF5}.Debug|x64.Deploy.0 = Debug|Any CPU
		{1768F215-8F85-4C89-BFA2-71F072428FF5}.Debug|x86.ActiveCfg = Debug|Any CPU
		{1768F215-8F85-4C89-BFA2-71F072428FF5}.Debug|x86.Build.0 = Debug|Any CPU
		{1768F215-8F85-4C89-BFA2-71F072428FF5}.Debug|x86.Deploy.0 = Debug|Any CPU
		{1768F215-8F85-4C89-BFA2-71F072428FF5}.Release|Any CPU.ActiveCfg = Release|Any CPU
		{1768F215-8F85-4C89-BFA2-71F072428FF5}.Release|Any CPU.Build.0 = Release|Any CPU
		{1768F215-8F85-4C89-BFA2-71F072428FF5}.Release|Any CPU.Deploy.0 = Release|Any CPU
		{1768F215-8F85-4C89-BFA2-71F072428FF5}.Release|ARM.ActiveCfg = Release|Any CPU
		{1768F215-8F85-4C89-BFA2-71F072428FF5}.Release|ARM.Build.0 = Release|Any CPU
		{1768F215-8F85-4C89-BFA2-71F072428FF5}.Release|ARM.Deploy.0 = Release|Any CPU
		{1768F215-8F85-4C89-BFA2-71F072428FF5}.Release|x64.ActiveCfg = Release|Any CPU
		{1768F215-8F85-4C89-BFA2-71F072428FF5}.Release|x64.Build.0 = Release|Any CPU
		{1768F215-8F85-4C89-BFA2-71F072428FF5}.Release|x64.Deploy.0 = Release|Any CPU
		{1768F215-8F85-4C89-BFA2-71F072428FF5}.Release|x86.ActiveCfg = Release|Any CPU
		{1768F215-8F85-4C89-BFA2-71F072428FF5}.Release|x86.Build.0 = Release|Any CPU
		{1768F215-8F85-4C89-BFA2-71F072428FF5}.Release|x86.Deploy.0 = Release|Any CPU
		{46177472-7E0A-46E5-9DA7-09DE0487D22D}.Debug|Any CPU.ActiveCfg = Debug|Any CPU
		{46177472-7E0A-46E5-9DA7-09DE0487D22D}.Debug|Any CPU.Build.0 = Debug|Any CPU
		{46177472-7E0A-46E5-9DA7-09DE0487D22D}.Debug|Any CPU.Deploy.0 = Debug|Any CPU
		{46177472-7E0A-46E5-9DA7-09DE0487D22D}.Debug|ARM.ActiveCfg = Debug|Any CPU
		{46177472-7E0A-46E5-9DA7-09DE0487D22D}.Debug|ARM.Build.0 = Debug|Any CPU
		{46177472-7E0A-46E5-9DA7-09DE0487D22D}.Debug|ARM.Deploy.0 = Debug|Any CPU
		{46177472-7E0A-46E5-9DA7-09DE0487D22D}.Debug|x64.ActiveCfg = Debug|Any CPU
		{46177472-7E0A-46E5-9DA7-09DE0487D22D}.Debug|x64.Build.0 = Debug|Any CPU
		{46177472-7E0A-46E5-9DA7-09DE0487D22D}.Debug|x64.Deploy.0 = Debug|Any CPU
		{46177472-7E0A-46E5-9DA7-09DE0487D22D}.Debug|x86.ActiveCfg = Debug|Any CPU
		{46177472-7E0A-46E5-9DA7-09DE0487D22D}.Debug|x86.Build.0 = Debug|Any CPU
		{46177472-7E0A-46E5-9DA7-09DE0487D22D}.Debug|x86.Deploy.0 = Debug|Any CPU
		{46177472-7E0A-46E5-9DA7-09DE0487D22D}.Release|Any CPU.ActiveCfg = Release|Any CPU
		{46177472-7E0A-46E5-9DA7-09DE0487D22D}.Release|Any CPU.Build.0 = Release|Any CPU
		{46177472-7E0A-46E5-9DA7-09DE0487D22D}.Release|Any CPU.Deploy.0 = Release|Any CPU
		{46177472-7E0A-46E5-9DA7-09DE0487D22D}.Release|ARM.ActiveCfg = Release|Any CPU
		{46177472-7E0A-46E5-9DA7-09DE0487D22D}.Release|ARM.Build.0 = Release|Any CPU
		{46177472-7E0A-46E5-9DA7-09DE0487D22D}.Release|ARM.Deploy.0 = Release|Any CPU
		{46177472-7E0A-46E5-9DA7-09DE0487D22D}.Release|x64.ActiveCfg = Release|Any CPU
		{46177472-7E0A-46E5-9DA7-09DE0487D22D}.Release|x64.Build.0 = Release|Any CPU
		{46177472-7E0A-46E5-9DA7-09DE0487D22D}.Release|x64.Deploy.0 = Release|Any CPU
		{46177472-7E0A-46E5-9DA7-09DE0487D22D}.Release|x86.ActiveCfg = Release|Any CPU
		{46177472-7E0A-46E5-9DA7-09DE0487D22D}.Release|x86.Build.0 = Release|Any CPU
		{46177472-7E0A-46E5-9DA7-09DE0487D22D}.Release|x86.Deploy.0 = Release|Any CPU
		{9D4E4F91-8E5F-46BE-948A-5F8799C4F5A8}.Debug|Any CPU.ActiveCfg = Debug|Any CPU
		{9D4E4F91-8E5F-46BE-948A-5F8799C4F5A8}.Debug|Any CPU.Build.0 = Debug|Any CPU
		{9D4E4F91-8E5F-46BE-948A-5F8799C4F5A8}.Debug|ARM.ActiveCfg = Debug|Any CPU
		{9D4E4F91-8E5F-46BE-948A-5F8799C4F5A8}.Debug|ARM.Build.0 = Debug|Any CPU
		{9D4E4F91-8E5F-46BE-948A-5F8799C4F5A8}.Debug|x64.ActiveCfg = Debug|Any CPU
		{9D4E4F91-8E5F-46BE-948A-5F8799C4F5A8}.Debug|x64.Build.0 = Debug|Any CPU
		{9D4E4F91-8E5F-46BE-948A-5F8799C4F5A8}.Debug|x86.ActiveCfg = Debug|Any CPU
		{9D4E4F91-8E5F-46BE-948A-5F8799C4F5A8}.Debug|x86.Build.0 = Debug|Any CPU
		{9D4E4F91-8E5F-46BE-948A-5F8799C4F5A8}.Release|Any CPU.ActiveCfg = Release|Any CPU
		{9D4E4F91-8E5F-46BE-948A-5F8799C4F5A8}.Release|Any CPU.Build.0 = Release|Any CPU
		{9D4E4F91-8E5F-46BE-948A-5F8799C4F5A8}.Release|ARM.ActiveCfg = Release|Any CPU
		{9D4E4F91-8E5F-46BE-948A-5F8799C4F5A8}.Release|ARM.Build.0 = Release|Any CPU
		{9D4E4F91-8E5F-46BE-948A-5F8799C4F5A8}.Release|x64.ActiveCfg = Release|Any CPU
		{9D4E4F91-8E5F-46BE-948A-5F8799C4F5A8}.Release|x64.Build.0 = Release|Any CPU
		{9D4E4F91-8E5F-46BE-948A-5F8799C4F5A8}.Release|x86.ActiveCfg = Release|Any CPU
		{9D4E4F91-8E5F-46BE-948A-5F8799C4F5A8}.Release|x86.Build.0 = Release|Any CPU
		{D4879DFD-5F3D-4804-86C0-18EA8431F58F}.Debug|Any CPU.ActiveCfg = Debug|Any CPU
		{D4879DFD-5F3D-4804-86C0-18EA8431F58F}.Debug|Any CPU.Build.0 = Debug|Any CPU
		{D4879DFD-5F3D-4804-86C0-18EA8431F58F}.Debug|ARM.ActiveCfg = Debug|Any CPU
		{D4879DFD-5F3D-4804-86C0-18EA8431F58F}.Debug|ARM.Build.0 = Debug|Any CPU
		{D4879DFD-5F3D-4804-86C0-18EA8431F58F}.Debug|x64.ActiveCfg = Debug|Any CPU
		{D4879DFD-5F3D-4804-86C0-18EA8431F58F}.Debug|x64.Build.0 = Debug|Any CPU
		{D4879DFD-5F3D-4804-86C0-18EA8431F58F}.Debug|x86.ActiveCfg = Debug|Any CPU
		{D4879DFD-5F3D-4804-86C0-18EA8431F58F}.Debug|x86.Build.0 = Debug|Any CPU
		{D4879DFD-5F3D-4804-86C0-18EA8431F58F}.Release|Any CPU.ActiveCfg = Release|Any CPU
		{D4879DFD-5F3D-4804-86C0-18EA8431F58F}.Release|Any CPU.Build.0 = Release|Any CPU
		{D4879DFD-5F3D-4804-86C0-18EA8431F58F}.Release|ARM.ActiveCfg = Release|Any CPU
		{D4879DFD-5F3D-4804-86C0-18EA8431F58F}.Release|ARM.Build.0 = Release|Any CPU
		{D4879DFD-5F3D-4804-86C0-18EA8431F58F}.Release|x64.ActiveCfg = Release|Any CPU
		{D4879DFD-5F3D-4804-86C0-18EA8431F58F}.Release|x64.Build.0 = Release|Any CPU
		{D4879DFD-5F3D-4804-86C0-18EA8431F58F}.Release|x86.ActiveCfg = Release|Any CPU
		{D4879DFD-5F3D-4804-86C0-18EA8431F58F}.Release|x86.Build.0 = Release|Any CPU
	EndGlobalSection
	GlobalSection(SolutionProperties) = preSolution
		HideSolutionNode = FALSE
	EndGlobalSection
	GlobalSection(ExtensibilityGlobals) = postSolution
		SolutionGuid = {801FB2B3-B555-40AE-95AE-E2EC608BB070}
	EndGlobalSection
EndGlobal
